Microsoft Visual Studio Solution File, Format Version 12.00
# Visual Studio Version 17
Project("{FAE04EC0-301F-11D3-BF4B-00C04F79EFBC}") = "GerenciaServidoresAPI", "GerenciaServidoresAPI/GerenciaServidoresAPI.csproj", "{D1F50273-6B3E-4B9F-9A8D-873B6193D93C}"
EndProject
Project("{FAE04EC0-301F-11D3-BF4B-00C04F79EFBC}") = "GerenciaServidoresAPI.Tests", "GerenciaServidoresAPI.Tests/GerenciaServidoresAPI.Tests.csproj", "{F1AD4F87-0D3B-4C5E-8D4A-FF0E845CB9B4}"
EndProject
Global
	GlobalSection(SolutionConfigurationPlatforms) = preSolution
		Debug|Any CPU = Debug|Any CPU
		Release|Any CPU = Release|Any CPU
	EndGlobalSection
	GlobalSection(ProjectConfigurationPlatforms) = postSolution
		{D1F50273-6B3E-4B9F-9A8D-873B6193D93C}.Debug|Any CPU.ActiveCfg = Debug|Any CPU
		{D1F50273-6B3E-4B9F-9A8D-873B6193D93C}.Debug|Any CPU.Build.0 = Debug|Any CPU
		{F1AD4F87-0D3B-4C5E-8D4A-FF0E845CB9B4}.Debug|Any CPU.ActiveCfg = Debug|Any CPU
		{F1AD4F87-0D3B-4C5E-8D4A-FF0E845CB9B4}.Debug|Any CPU.Build.0 = Debug|Any CPU
	EndGlobalSection
EndGlobal
